# @generated - this file is auto-generated by `mise lock` https://mise.jdx.dev/dev-tools/mise-lock.html

lockfile_version = 2

[[tools."aqua:nextest-rs/nextest/cargo-nextest"]]
version = "0.9.87"
backend = "aqua:nextest-rs/nextest/cargo-nextest"
specifiers = ["0.9.87"]

[[tools."aqua:rustsec/rustsec/cargo-audit"]]
version = "0.22.1"
backend = "aqua:rustsec/rustsec/cargo-audit"
specifiers = ["0.22.1"]

[tools."aqua:rustsec/rustsec/cargo-audit"."platforms.linux-arm64"]
checksum = "sha256:4c8df835ee484441bd2c8c6bcac28c4ce4b4058ba9e7477cb9e0012fe7769f66"
url = "https://github.com/rustsec/rustsec/releases/download/cargo-audit/v0.22.1/cargo-audit-aarch64-unknown-linux-gnu-v0.22.1.tgz"
url_api = "https://api.github.com/repos/rustsec/rustsec/releases/assets/350779214"

[tools."aqua:rustsec/rustsec/cargo-audit"."platforms.linux-x64"]
checksum = "sha256:1890badd5f15831a9af4b074399fcd21e6f7c0fe42c84e9254cdffc9f813765c"
url = "https://github.com/rustsec/rustsec/releases/download/cargo-audit/v0.22.1/cargo-audit-x86_64-unknown-linux-gnu-v0.22.1.tgz"
url_api = "https://api.github.com/repos/rustsec/rustsec/releases/assets/350778889"

[tools."aqua:rustsec/rustsec/cargo-audit"."platforms.linux-x64-musl"]
checksum = "sha256:c32506f338bdcdaef5a17fb9f33abb6ecf9561324cfd34237fd335f9283a1eab"
url = "https://github.com/rustsec/rustsec/releases/download/cargo-audit/v0.22.1/cargo-audit-x86_64-unknown-linux-musl-v0.22.1.tgz"
url_api = "https://api.github.com/repos/rustsec/rustsec/releases/assets/350779162"

[tools."aqua:rustsec/rustsec/cargo-audit"."platforms.macos-arm64"]
checksum = "sha256:582d104a2a4bdb127c6bf6d056d89eede40686d11f52e4bc1765132ec99d2fca"
url = "https://github.com/rustsec/rustsec/releases/download/cargo-audit/v0.22.1/cargo-audit-x86_64-apple-darwin-v0.22.1.tgz"
url_api = "https://api.github.com/repos/rustsec/rustsec/releases/assets/350779494"

[tools."aqua:rustsec/rustsec/cargo-audit"."platforms.macos-x64"]
checksum = "sha256:582d104a2a4bdb127c6bf6d056d89eede40686d11f52e4bc1765132ec99d2fca"
url = "https://github.com/rustsec/rustsec/releases/download/cargo-audit/v0.22.1/cargo-audit-x86_64-apple-darwin-v0.22.1.tgz"
url_api = "https://api.github.com/repos/rustsec/rustsec/releases/assets/350779494"

[tools."aqua:rustsec/rustsec/cargo-audit"."platforms.windows-x64"]
checksum = "sha256:1523eedc57675eff07b230c06dcd545f3cb04e0ebf92f4009218c79000279a74"
url = "https://github.com/rustsec/rustsec/releases/download/cargo-audit/v0.22.1/cargo-audit-x86_64-pc-windows-msvc-v0.22.1.zip"
url_api = "https://api.github.com/repos/rustsec/rustsec/releases/assets/350780245"

[[tools."aqua:taiki-e/cargo-llvm-cov"]]
version = "0.6.16"
backend = "aqua:taiki-e/cargo-llvm-cov"
specifiers = ["0.6.16"]

[tools."aqua:taiki-e/cargo-llvm-cov"."platforms.linux-arm64"]
url = "https://github.com/taiki-e/cargo-llvm-cov/releases/download/v0.6.16/cargo-llvm-cov-aarch64-unknown-linux-gnu.tar.gz"
url_api = "https://api.github.com/repos/taiki-e/cargo-llvm-cov/releases/assets/220935747"

[tools."aqua:taiki-e/cargo-llvm-cov"."platforms.linux-arm64-musl"]
url = "https://github.com/taiki-e/cargo-llvm-cov/releases/download/v0.6.16/cargo-llvm-cov-aarch64-unknown-linux-musl.tar.gz"
url_api = "https://api.github.com/repos/taiki-e/cargo-llvm-cov/releases/assets/220935726"

[tools."aqua:taiki-e/cargo-llvm-cov"."platforms.linux-x64"]
url = "https://github.com/taiki-e/cargo-llvm-cov/releases/download/v0.6.16/cargo-llvm-cov-x86_64-unknown-linux-gnu.tar.gz"
url_api = "https://api.github.com/repos/taiki-e/cargo-llvm-cov/releases/assets/220935692"

[tools."aqua:taiki-e/cargo-llvm-cov"."platforms.linux-x64-musl"]
url = "https://github.com/taiki-e/cargo-llvm-cov/releases/download/v0.6.16/cargo-llvm-cov-x86_64-unknown-linux-musl.tar.gz"
url_api = "https://api.github.com/repos/taiki-e/cargo-llvm-cov/releases/assets/220935702"

[tools."aqua:taiki-e/cargo-llvm-cov"."platforms.macos-arm64"]
url = "https://github.com/taiki-e/cargo-llvm-cov/releases/download/v0.6.16/cargo-llvm-cov-aarch64-apple-darwin.tar.gz"
url_api = "https://api.github.com/repos/taiki-e/cargo-llvm-cov/releases/assets/220935897"

[tools."aqua:taiki-e/cargo-llvm-cov"."platforms.macos-x64"]
url = "https://github.com/taiki-e/cargo-llvm-cov/releases/download/v0.6.16/cargo-llvm-cov-x86_64-apple-darwin.tar.gz"
url_api = "https://api.github.com/repos/taiki-e/cargo-llvm-cov/releases/assets/220935933"

[tools."aqua:taiki-e/cargo-llvm-cov"."platforms.windows-x64"]
url = "https://github.com/taiki-e/cargo-llvm-cov/releases/download/v0.6.16/cargo-llvm-cov-x86_64-pc-windows-msvc.tar.gz"
url_api = "https://api.github.com/repos/taiki-e/cargo-llvm-cov/releases/assets/220935995"

[[tools."cargo:bacon"]]
version = "3.25.0"
backend = "cargo:bacon"
specifiers = ["3.25.0"]

[[tools."cargo:cargo-fuzz"]]
version = "0.13.1"
backend = "cargo:cargo-fuzz"
specifiers = ["0.13.1"]

[[tools."cargo:cargo-toml-lint"]]
version = "0.1.1"
backend = "cargo:cargo-toml-lint"
specifiers = ["0.1.1"]

[[tools."cargo:cross"]]
version = "0.2.5"
backend = "cargo:cross"
specifiers = ["0.2.5"]

[[tools."cargo:mdbook"]]
version = "0.4.43"
backend = "cargo:mdbook"
specifiers = ["0.4.43"]

[[tools."cargo:mdbook-inline-highlighting"]]
version = "0.1.0"
backend = "cargo:mdbook-inline-highlighting"
specifiers = ["0.1.0"]

[[tools."cargo:semantic-release-cargo"]]
version = "2.4.0"
backend = "cargo:semantic-release-cargo"
specifiers = ["2.4.0"]

[[tools."github:EmbarkStudios/cargo-about"]]
version = "0.6.6"
backend = "github:EmbarkStudios/cargo-about"
specifiers = ["0.6.6"]

[tools."github:EmbarkStudios/cargo-about"."platforms.linux-arm64"]
checksum = "sha256:236bb51e3e64e36e6de2375ec2086ca6122293bc3e7a4160f5ca2cee53b0ef82"
url = "https://github.com/EmbarkStudios/cargo-about/releases/download/0.6.6/cargo-about-0.6.6-aarch64-unknown-linux-musl.tar.gz"
url_api = "https://api.github.com/repos/EmbarkStudios/cargo-about/releases/assets/207555982"

[tools."github:EmbarkStudios/cargo-about"."platforms.linux-arm64-musl"]
checksum = "sha256:236bb51e3e64e36e6de2375ec2086ca6122293bc3e7a4160f5ca2cee53b0ef82"
url = "https://github.com/EmbarkStudios/cargo-about/releases/download/0.6.6/cargo-about-0.6.6-aarch64-unknown-linux-musl.tar.gz"
url_api = "https://api.github.com/repos/EmbarkStudios/cargo-about/releases/assets/207555982"

[tools."github:EmbarkStudios/cargo-about"."platforms.linux-x64"]
checksum = "sha256:df1b3281a8ba2aadbf673ed4c888b43437fec775071b532276cc0d39ef6953dd"
url = "https://github.com/EmbarkStudios/cargo-about/releases/download/0.6.6/cargo-about-0.6.6-x86_64-unknown-linux-musl.tar.gz"
url_api = "https://api.github.com/repos/EmbarkStudios/cargo-about/releases/assets/207555940"

[tools."github:EmbarkStudios/cargo-about"."platforms.linux-x64-musl"]
checksum = "sha256:df1b3281a8ba2aadbf673ed4c888b43437fec775071b532276cc0d39ef6953dd"
url = "https://github.com/EmbarkStudios/cargo-about/releases/download/0.6.6/cargo-about-0.6.6-x86_64-unknown-linux-musl.tar.gz"
url_api = "https://api.github.com/repos/EmbarkStudios/cargo-about/releases/assets/207555940"

[tools."github:EmbarkStudios/cargo-about"."platforms.macos-arm64"]
checksum = "sha256:5bd16b9c8f698ede7a21eb9a64f44147c96540319736ced47166d37249836da3"
url = "https://github.com/EmbarkStudios/cargo-about/releases/download/0.6.6/cargo-about-0.6.6-aarch64-apple-darwin.tar.gz"
url_api = "https://api.github.com/repos/EmbarkStudios/cargo-about/releases/assets/207555921"

[tools."github:EmbarkStudios/cargo-about"."platforms.macos-x64"]
checksum = "sha256:ce1ea95c25c776a45779ef007d96d90b3bb8b4da7a34985cbbdce2889b8fd65c"
url = "https://github.com/EmbarkStudios/cargo-about/releases/download/0.6.6/cargo-about-0.6.6-x86_64-apple-darwin.tar.gz"
url_api = "https://api.github.com/repos/EmbarkStudios/cargo-about/releases/assets/207556723"

[tools."github:EmbarkStudios/cargo-about"."platforms.windows-x64"]
checksum = "sha256:DA3B3C6ABCC4BE33158C7CA65B88B0F957570AFA1D97CC75DAA082C45498BB3C"
url = "https://github.com/EmbarkStudios/cargo-about/releases/download/0.6.6/cargo-about-0.6.6-x86_64-pc-windows-msvc.tar.gz"
url_api = "https://api.github.com/repos/EmbarkStudios/cargo-about/releases/assets/207556334"

[[tools.node]]
version = "22.14.0"
backend = "core:node"
specifiers = ["22.14.0"]

[tools.node."platforms.linux-arm64"]
checksum = "sha256:8cf30ff7250f9463b53c18f89c6c606dfda70378215b2c905d0a9a8b08bd45e0"
url = "https://nodejs.org/dist/v22.14.0/node-v22.14.0-linux-arm64.tar.gz"

[tools.node."platforms.linux-arm64-musl"]
checksum = "sha256:6c4e31ed5702dc45cfd8c435af56a36a474427e1bd7afe74c346136060beba8a"
url = "https://nodejs.org/dist/v22.14.0/node-v22.14.0.tar.gz"
install = "source"

[tools.node."platforms.linux-x64"]
checksum = "sha256:9d942932535988091034dc94cc5f42b6dc8784d6366df3a36c4c9ccb3996f0c2"
url = "https://nodejs.org/dist/v22.14.0/node-v22.14.0-linux-x64.tar.gz"

[tools.node."platforms.linux-x64-musl"]
checksum = "sha256:6b50f327fd5053b5e4ba67de4bf93aa23653d8a9de39bd6f905f839069c7933d"
url = "https://unofficial-builds.nodejs.org/download/release/v22.14.0/node-v22.14.0-linux-x64-musl.tar.gz"

[tools.node."platforms.macos-arm64"]
checksum = "sha256:e9404633bc02a5162c5c573b1e2490f5fb44648345d64a958b17e325729a5e42"
url = "https://nodejs.org/dist/v22.14.0/node-v22.14.0-darwin-arm64.tar.gz"

[tools.node."platforms.macos-x64"]
checksum = "sha256:6698587713ab565a94a360e091df9f6d91c8fadda6d00f0cf6526e9b40bed250"
url = "https://nodejs.org/dist/v22.14.0/node-v22.14.0-darwin-x64.tar.gz"

[tools.node."platforms.windows-x64"]
checksum = "sha256:55b639295920b219bb2acbcfa00f90393a2789095b7323f79475c9f34795f217"
url = "https://nodejs.org/dist/v22.14.0/node-v22.14.0-win-x64.zip"

[[tools."npm:conventional-changelog-conventionalcommits"]]
version = "8.0.0"
aube = { path = ".mise/locks/npm-conventional-changelog-conventionalcommits/8.0.0", digest = "sha256:bb498f955a8417b0e190b5dea763e7b9de09dc3cfb551fce85a70a33875545b6" }
backend = "npm:conventional-changelog-conventionalcommits"
specifiers = ["8.0.0"]

[[tools."npm:semantic-release"]]
version = "24.2.1"
aube = { path = ".mise/locks/npm-semantic-release/24.2.1", digest = "sha256:9489ac9f4f37043503e7155a7b90659ee42587c45f08ac26d365622a409b1a8c" }
backend = "npm:semantic-release"
specifiers = ["24.2.1"]

[[tools."npm:semantic-release-export-data"]]
version = "1.1.0"
aube = { path = ".mise/locks/npm-semantic-release-export-data/1.1.0", digest = "sha256:5b57a13ee894bc387055cd75092ba8035bf95e7ed5f5b22fc77f9139f797ab65" }
backend = "npm:semantic-release-export-data"
specifiers = ["1.1.0"]

[[tools."npm:vercel"]]
version = "59.23.2"
aube = { path = ".mise/locks/npm-vercel/59.23.2", digest = "sha256:ace9e8f5f6b1cd73b247f5f24e80d758b5b02216aaf78e4108f28399beb82292" }
backend = "npm:vercel"
specifiers = ["latest"]

[[tools."pipx:detect-secrets"]]
version = "1.5.0"
backend = "pipx:detect-secrets"
specifiers = [
    "1.5.0",
    "latest",
]
uv = { path = ".mise/locks/pipx-detect-secrets/1.5.0", digest = "sha256:cee3715553e50286819e9af4bd9bca91cb96ba1293cbdc78ba9677a730c1d218" }

[[tools.rust]]
version = "stable"
backend = "core:rust"
specifiers = ["stable"]

[tools.rust.options]
components = "llvm-tools,rust-analyzer,rust-src"
profile = "default"
